{
    "_meta": {
        "hash": {
            "sha256": "1f746ac1091d7c0202c9e2ab0dd1035afee8990ac864feba6628a9c2f342a2e6"
        },
        "pipfile-spec": 6,
        "requires": {
            "python_version": "3.6"
        },
        "sources": [
            {
                "name": "pypi",
                "url": "https://pypi.org/simple",
                "verify_ssl": true
            }
        ]
    },
    "default": {
        "z3-solver": {
            "hashes": [
                "sha256:3f19c15d8f8f16ef1a257d1a58a0f0d6d3f2f652a9d3b48f507045bd336f97a8",
                "sha256:605da13b9699d8472284833578281be0650f6f2ca194efe2cde78f2a44710e40",
                "sha256:94d994466db9fda7c04630124aac3bb7f0f60328346d982afd3b017e8defba0f",
                "sha256:c25bb31aa8d6de7f27701b0fe56c99433304e0c33fed43bcbfbf34d641fbe9c5",
                "sha256:e8658f5cafa2c7e8239c5b9d80fa39ee0137d876fd084000c0f1cb76256df989"
            ],
            "index": "pypi",
            "version": "==4.8.8.0"
        }
    },
    "develop": {}
}
